// !$*UTF8*$!
{
	archiveVersion = 1;
	classes = {
	};
	objectVersion = 50;
	objects = {

/* Begin PBXBuildFile section */
		D29CB49423F0A54D0067685A /* AppDelegate.swift in Sources */ = {isa = PBXBuildFile; fileRef = D29CB49323F0A54D0067685A /* AppDelegate.swift */; };
		D29CB49623F0A54D0067685A /* SceneDelegate.swift in Sources */ = {isa = PBXBuildFile; fileRef = D29CB49523F0A54D0067685A /* SceneDelegate.swift */; };
		D29CB49823F0A54D0067685A /* ViewController.swift in Sources */ = {isa = PBXBuildFile; fileRef = D29CB49723F0A54D0067685A /* ViewController.swift */; };
		D29CB49B23F0A54D0067685A /* Main.storyboard in Resources */ = {isa = PBXBuildFile; fileRef = D29CB49923F0A54D0067685A /* Main.storyboard */; };
		D29CB49D23F0A54E0067685A /* Assets.xcassets in Resources */ = {isa = PBXBuildFile; fileRef = D29CB49C23F0A54E0067685A /* Assets.xcassets */; };
		D29CB4A023F0A54E0067685A /* LaunchScreen.storyboard in Resources */ = {isa = PBXBuildFile; fileRef = D29CB49E23F0A54E0067685A /* LaunchScreen.storyboard */; };
/* End PBXBuildFile section */

/* Begin PBXContainerItemProxy section */
		D29CB4D023F0A6C40067685A /* PBXContainerItemProxy */ = {
			isa = PBXContainerItemProxy;
			containerPortal = D29CB4C723F0A6C40067685A /* Micro.xcodeproj */;
			proxyType = 2;
			remoteGlobalIDString = "DeepDiff::DeepDiff::Product";
			remoteInfo = DeepDiff;
		};
		D29CB4D223F0A6C40067685A /* PBXContainerItemProxy */ = {
			isa = PBXContainerItemProxy;
			containerPortal = D29CB4C723F0A6C40067685A /* Micro.xcodeproj */;
			proxyType = 2;
			remoteGlobalIDString = "Micro::Micro::Product";
			remoteInfo = Micro;
		};
		D29CB4D423F0A6C40067685A /* PBXContainerItemProxy */ = {
			isa = PBXContainerItemProxy;
			containerPortal = D29CB4C723F0A6C40067685A /* Micro.xcodeproj */;
			proxyType = 2;
			remoteGlobalIDString = "Micro::MicroTests::Product";
			remoteInfo = MicroTests;
		};
		D29CB4D623F0A6D00067685A /* PBXContainerItemProxy */ = {
			isa = PBXContainerItemProxy;
			containerPortal = D29CB4C723F0A6C40067685A /* Micro.xcodeproj */;
			proxyType = 1;
			remoteGlobalIDString = "Micro::Micro";
			remoteInfo = Micro;
		};
/* End PBXContainerItemProxy section */

/* Begin PBXFileReference section */
		D29CB49023F0A54D0067685A /* DemoMicro.app */ = {isa = PBXFileReference; explicitFileType = wrapper.application; includeInIndex = 0; path = DemoMicro.app; sourceTree = BUILT_PRODUCTS_DIR; };
		D29CB49323F0A54D0067685A /* AppDelegate.swift */ = {isa = PBXFileReference; lastKnownFileType = sourcecode.swift; path = AppDelegate.swift; sourceTree = "<group>"; };
		D29CB49523F0A54D0067685A /* SceneDelegate.swift */ = {isa = PBXFileReference; lastKnownFileType = sourcecode.swift; path = SceneDelegate.swift; sourceTree = "<group>"; };
		D29CB49723F0A54D0067685A /* ViewController.swift */ = {isa = PBXFileReference; lastKnownFileType = sourcecode.swift; path = ViewController.swift; sourceTree = "<group>"; };
		D29CB49A23F0A54D0067685A /* Base */ = {isa = PBXFileReference; lastKnownFileType = file.storyboard; name = Base; path = Base.lproj/Main.storyboard; sourceTree = "<group>"; };
		D29CB49C23F0A54E0067685A /* Assets.xcassets */ = {isa = PBXFileReference; lastKnownFileType = folder.assetcatalog; path = Assets.xcassets; sourceTree = "<group>"; };
		D29CB49F23F0A54E0067685A /* Base */ = {isa = PBXFileReference; lastKnownFileType = file.storyboard; name = Base; path = Base.lproj/LaunchScreen.storyboard; sourceTree = "<group>"; };
		D29CB4A123F0A54E0067685A /* Info.plist */ = {isa = PBXFileReference; lastKnownFileType = text.plist.xml; path = Info.plist; sourceTree = "<group>"; };
		D29CB4C723F0A6C40067685A /* Micro.xcodeproj */ = {isa = PBXFileReference; lastKnownFileType = "wrapper.pb-project"; name = Micro.xcodeproj; path = ../../../Micro.xcodeproj; sourceTree = "<group>"; };
/* End PBXFileReference section */

/* Begin PBXFrameworksBuildPhase section */
		D29CB48D23F0A54D0067685A /* Frameworks */ = {
			isa = PBXFrameworksBuildPhase;
			buildActionMask = 2147483647;
			files = (
			);
			runOnlyForDeploymentPostprocessing = 0;
		};
/* End PBXFrameworksBuildPhase section */

/* Begin PBXGroup section */
		D29CB48723F0A54D0067685A = {
			isa = PBXGroup;
			children = (
				D29CB49223F0A54D0067685A /* DemoMicro */,
				D29CB49123F0A54D0067685A /* Products */,
			);
			sourceTree = "<group>";
		};
		D29CB49123F0A54D0067685A /* Products */ = {
			isa = PBXGroup;
			children = (
				D29CB49023F0A54D0067685A /* DemoMicro.app */,
			);
			name = Products;
			sourceTree = "<group>";
		};
		D29CB49223F0A54D0067685A /* DemoMicro */ = {
			isa = PBXGroup;
			children = (
				D29CB4C723F0A6C40067685A /* Micro.xcodeproj */,
				D29CB49323F0A54D0067685A /* AppDelegate.swift */,
				D29CB49523F0A54D0067685A /* SceneDelegate.swift */,
				D29CB49723F0A54D0067685A /* ViewController.swift */,
				D29CB49923F0A54D0067685A /* Main.storyboard */,
				D29CB49C23F0A54E0067685A /* Assets.xcassets */,
				D29CB49E23F0A54E0067685A /* LaunchScreen.storyboard */,
				D29CB4A123F0A54E0067685A /* Info.plist */,
			);
			path = DemoMicro;
			sourceTree = "<group>";
		};
		D29CB4C823F0A6C40067685A /* Products */ = {
			isa = PBXGroup;
			children = (
				D29CB4D123F0A6C40067685A /* DeepDiff.framework */,
				D29CB4D323F0A6C40067685A /* Micro.framework */,
				D29CB4D523F0A6C40067685A /* MicroTests.xctest */,
			);
			name = Products;
			sourceTree = "<group>";
		};
/* End PBXGroup section */

/* Begin PBXNativeTarget section */
		D29CB48F23F0A54D0067685A /* DemoMicro */ = {
			isa = PBXNativeTarget;
			buildConfigurationList = D29CB4A423F0A54E0067685A /* Build configuration list for PBXNativeTarget "DemoMicro" */;
			buildPhases = (
				D29CB48C23F0A54D0067685A /* Sources */,
				D29CB48D23F0A54D0067685A /* Frameworks */,
				D29CB48E23F0A54D0067685A /* Resources */,
			);
			buildRules = (
			);
			dependencies = (
				D29CB4D723F0A6D00067685A /* PBXTargetDependency */,
			);
			name = DemoMicro;
			productName = DemoMicro;
			productReference = D29CB49023F0A54D0067685A /* DemoMicro.app */;
			productType = "com.apple.product-type.application";
		};
/* End PBXNativeTarget section */

/* Begin PBXProject section */
		D29CB48823F0A54D0067685A /* Project object */ = {
			isa = PBXProject;
			attributes = {
				LastSwiftUpdateCheck = 1130;
				LastUpgradeCheck = 1130;
				ORGANIZATIONNAME = "Khoa Pham";
				TargetAttributes = {
					D29CB48F23F0A54D0067685A = {
						CreatedOnToolsVersion = 11.3.1;
					};
				};
			};
			buildConfigurationList = D29CB48B23F0A54D0067685A /* Build configuration list for PBXProject "DemoMicro" */;
			compatibilityVersion = "Xcode 9.3";
			developmentRegion = en;
			hasScannedForEncodings = 0;
			knownRegions = (
				en,
				Base,
			);
			mainGroup = D29CB48723F0A54D0067685A;
			productRefGroup = D29CB49123F0A54D0067685A /* Products */;
			projectDirPath = "";
			projectReferences = (
				{
					ProductGroup = D29CB4C823F0A6C40067685A /* Products */;
					ProjectRef = D29CB4C723F0A6C40067685A /* Micro.xcodeproj */;
				},
			);
			projectRoot = "";
			targets = (
				D29CB48F23F0A54D0067685A /* DemoMicro */,
			);
		};
/* End PBXProject section */

/* Begin PBXReferenceProxy section */
		D29CB4D123F0A6C40067685A /* DeepDiff.framework */ = {
			isa = PBXReferenceProxy;
			fileType = wrapper.framework;
			path = DeepDiff.framework;
			remoteRef = D29CB4D023F0A6C40067685A /* PBXContainerItemProxy */;
			sourceTree = BUILT_PRODUCTS_DIR;
		};
		D29CB4D323F0A6C40067685A /* Micro.framework */ = {
			isa = PBXReferenceProxy;
			fileType = wrapper.framework;
			path = Micro.framework;
			remoteRef = D29CB4D223F0A6C40067685A /* PBXContainerItemProxy */;
			sourceTree = BUILT_PRODUCTS_DIR;
		};
		D29CB4D523F0A6C40067685A /* MicroTests.xctest */ = {
			isa = PBXReferenceProxy;
			fileType = file;
			path = MicroTests.xctest;
			remoteRef = D29CB4D423F0A6C40067685A /* PBXContainerItemProxy */;
			sourceTree = BUILT_PRODUCTS_DIR;
		};
/* End PBXReferenceProxy section */

/* Begin PBXResourcesBuildPhase section */
		D29CB48E23F0A54D0067685A /* Resources */ = {
			isa = PBXResourcesBuildPhase;
			buildActionMask = 2147483647;
			files = (
				D29CB4A023F0A54E0067685A /* LaunchScreen.storyboard in Resources */,
				D29CB49D23F0A54E0067685A /* Assets.xcassets in Resources */,
				D29CB49B23F0A54D0067685A /* Main.storyboard in Resources */,
			);
			runOnlyForDeploymentPostprocessing = 0;
		};
/* End PBXResourcesBuildPhase section */

/* Begin PBXSourcesBuildPhase section */
		D29CB48C23F0A54D0067685A /* Sources */ = {
			isa = PBXSourcesBuildPhase;
			buildActionMask = 2147483647;
			files = (
				D29CB49823F0A54D0067685A /* ViewController.swift in Sources */,
				D29CB49423F0A54D0067685A /* AppDelegate.swift in Sources */,
				D29CB49623F0A54D0067685A /* SceneDelegate.swift in Sources */,
			);
			runOnlyForDeploymentPostprocessing = 0;
		};
/* End PBXSourcesBuildPhase section */

/* Begin PBXTargetDependency section */
		D29CB4D723F0A6D00067685A /* PBXTargetDependency */ = {
			isa = PBXTargetDependency;
			name = Micro;
			targetProxy = D29CB4D623F0A6D00067685A /* PBXContainerItemProxy */;
		};
/* End PBXTargetDependency section */

/* Begin PBXVariantGroup section */
		D29CB49923F0A54D0067685A /* Main.storyboard */ = {
			isa = PBXVariantGroup;
			children = (
				D29CB49A23F0A54D0067685A /* Base */,
			);
			name = Main.storyboard;
			sourceTree = "<group>";
		};
		D29CB49E23F0A54E0067685A /* LaunchScreen.storyboard */ = {
			isa = PBXVariantGroup;
			children = (
				D29CB49F23F0A54E0067685A /* Base */,
			);
			name = LaunchScreen.storyboard;
			sourceTree = "<group>";
		};
/* End PBXVariantGroup section */

/* Begin XCBuildConfiguration section */
		D29CB4A223F0A54E0067685A /* Debug */ = {
			isa = XCBuildConfiguration;
			buildSettings = {
				ALWAYS_SEARCH_USER_PATHS = NO;
				CLANG_ANALYZER_NONNULL = YES;
				CLANG_ANALYZER_NUMBER_OBJECT_CONVERSION = YES_AGGRESSIVE;
				CLANG_CXX_LANGUAGE_STANDARD = "gnu++14";
				CLANG_CXX_LIBRARY = "libc++";
				CLANG_ENABLE_MODULES = YES;
				CLANG_ENABLE_OBJC_ARC = YES;
				CLANG_ENABLE_OBJC_WEAK = YES;
				CLANG_WARN_BLOCK_CAPTURE_AUTORELEASING = YES;
				CLANG_WARN_BOOL_CONVERSION = YES;
				CLANG_WARN_COMMA = YES;
				CLANG_WARN_CONSTANT_CONVERSION = YES;
				CLANG_WARN_DEPRECATED_OBJC_IMPLEMENTATIONS = YES;
				CLANG_WARN_DIRECT_OBJC_ISA_USAGE = YES_ERROR;
				CLANG_WARN_DOCUMENTATION_COMMENTS = YES;
				CLANG_WARN_EMPTY_BODY = YES;
				CLANG_WARN_ENUM_CONVERSION = YES;
				CLANG_WARN_INFINITE_RECURSION = YES;
				CLANG_WARN_INT_CONVERSION = YES;
				CLANG_WARN_NON_LITERAL_NULL_CONVERSION = YES;
				CLANG_WARN_OBJC_IMPLICIT_RETAIN_SELF = YES;
				CLANG_WARN_OBJC_LITERAL_CONVERSION = YES;
				CLANG_WARN_OBJC_ROOT_CLASS = YES_ERROR;
				CLANG_WARN_RANGE_LOOP_ANALYSIS = YES;
				CLANG_WARN_STRICT_PROTOTYPES = YES;
				CLANG_WARN_SUSPICIOUS_MOVE = YES;
				CLANG_WARN_UNGUARDED_AVAILABILITY = YES_AGGRESSIVE;
				CLANG_WARN_UNREACHABLE_CODE = YES;
				CLANG_WARN__DUPLICATE_METHOD_MATCH = YES;
				COPY_PHASE_STRIP = NO;
				DEBUG_INFORMATION_FORMAT = dwarf;
				ENABLE_STRICT_OBJC_MSGSEND = YES;
				ENABLE_TESTABILITY = YES;
				GCC_C_LANGUAGE_STANDARD = gnu11;
				GCC_DYNAMIC_NO_PIC = NO;
				GCC_NO_COMMON_BLOCKS = YES;
				GCC_OPTIMIZATION_LEVEL = 0;
				GCC_PREPROCESSOR_DEFINITIONS = (
					"DEBUG=1",
					"$(inherited)",
				);
				GCC_WARN_64_TO_32_BIT_CONVERSION = YES;
				GCC_WARN_ABOUT_RETURN_TYPE = YES_ERROR;
				GCC_WARN_UNDECLARED_SELECTOR = YES;
				GCC_WARN_UNINITIALIZED_AUTOS = YES_AGGRESSIVE;
				GCC_WARN_UNUSED_FUNCTION = YES;
				GCC_WARN_UNUSED_VARIABLE = YES;
				IPHONEOS_DEPLOYMENT_TARGET = 13.2;
				MTL_ENABLE_DEBUG_INFO = INCLUDE_SOURCE;
				MTL_FAST_MATH = YES;
				ONLY_ACTIVE_ARCH = YES;
				SDKROOT = iphoneos;
				SWIFT_ACTIVE_COMPILATION_CONDITIONS = DEBUG;
				SWIFT_OPTIMIZATION_LEVEL = "-Onone";
			};
			name = Debug;
		};
		D29CB4A323F0A54E0067685A /* Release */ = {
			isa = XCBuildConfiguration;
			buildSettings = {
				ALWAYS_SEARCH_USER_PATHS = NO;
				CLANG_ANALYZER_NONNULL = YES;
				CLANG_ANALYZER_NUMBER_OBJECT_CONVERSION = YES_AGGRESSIVE;
				CLANG_CXX_LANGUAGE_STANDARD = "gnu++14";
				CLANG_CXX_LIBRARY = "libc++";
				CLANG_ENABLE_MODULES = YES;
				CLANG_ENABLE_OBJC_ARC = YES;
				CLANG_ENABLE_OBJC_WEAK = YES;
				CLANG_WARN_BLOCK_CAPTURE_AUTORELEASING = YES;
				CLANG_WARN_BOOL_CONVERSION = YES;
				CLANG_WARN_COMMA = YES;
				CLANG_WARN_CONSTANT_CONVERSION = YES;
				CLANG_WARN_DEPRECATED_OBJC_IMPLEMENTATIONS = YES;
				CLANG_WARN_DIRECT_OBJC_ISA_USAGE = YES_ERROR;
				CLANG_WARN_DOCUMENTATION_COMMENTS = YES;
				CLANG_WARN_EMPTY_BODY = YES;
				CLANG_WARN_ENUM_CONVERSION = YES;
				CLANG_WARN_INFINITE_RECURSION = YES;
				CLANG_WARN_INT_CONVERSION = YES;
				CLANG_WARN_NON_LITERAL_NULL_CONVERSION = YES;
				CLANG_WARN_OBJC_IMPLICIT_RETAIN_SELF = YES;
				CLANG_WARN_OBJC_LITERAL_CONVERSION = YES;
				CLANG_WARN_OBJC_ROOT_CLASS = YES_ERROR;
				CLANG_WARN_RANGE_LOOP_ANALYSIS = YES;
				CLANG_WARN_STRICT_PROTOTYPES = YES;
				CLANG_WARN_SUSPICIOUS_MOVE = YES;
				CLANG_WARN_UNGUARDED_AVAILABILITY = YES_AGGRESSIVE;
				CLANG_WARN_UNREACHABLE_CODE = YES;
				CLANG_WARN__DUPLICATE_METHOD_MATCH = YES;
				COPY_PHASE_STRIP = NO;
				DEBUG_INFORMATION_FORMAT = "dwarf-with-dsym";
				ENABLE_NS_ASSERTIONS = NO;
				ENABLE_STRICT_OBJC_MSGSEND = YES;
				GCC_C_LANGUAGE_STANDARD = gnu11;
				GCC_NO_COMMON_BLOCKS = YES;
				GCC_WARN_64_TO_32_BIT_CONVERSION = YES;
				GCC_WARN_ABOUT_RETURN_TYPE = YES_ERROR;
				GCC_WARN_UNDECLARED_SELECTOR = YES;
				GCC_WARN_UNINITIALIZED_AUTOS = YES_AGGRESSIVE;
				GCC_WARN_UNUSED_FUNCTION = YES;
				GCC_WARN_UNUSED_VARIABLE = YES;
				IPHONEOS_DEPLOYMENT_TARGET = 13.2;
				MTL_ENABLE_DEBUG_INFO = NO;
				MTL_FAST_MATH = YES;
				SDKROOT = iphoneos;
				SWIFT_COMPILATION_MODE = wholemodule;
				SWIFT_OPTIMIZATION_LEVEL = "-O";
				VALIDATE_PRODUCT = YES;
			};
			name = Release;
		};
		D29CB4A523F0A54E0067685A /* Debug */ = {
			isa = XCBuildConfiguration;
			buildSettings = {
				ASSETCATALOG_COMPILER_APPICON_NAME = AppIcon;
				CODE_SIGN_STYLE = Automatic;
				DEVELOPMENT_TEAM = T78DK947F2;
				INFOPLIST_FILE = DemoMicro/Info.plist;
				LD_RUNPATH_SEARCH_PATHS = (
					"$(inherited)",
					"@executable_path/Frameworks",
				);
				PRODUCT_BUNDLE_IDENTIFIER = com.onmyway133.DemoMicro;
				PRODUCT_NAME = "$(TARGET_NAME)";
				SWIFT_VERSION = 5.0;
				TARGETED_DEVICE_FAMILY = "1,2";
			};
			name = Debug;
		};
		D29CB4A623F0A54E0067685A /* Release */ = {
			isa = XCBuildConfiguration;
			buildSettings = {
				ASSETCATALOG_COMPILER_APPICON_NAME = AppIcon;
				CODE_SIGN_STYLE = Automatic;
				DEVELOPMENT_TEAM = T78DK947F2;
				INFOPLIST_FILE = DemoMicro/Info.plist;
				LD_RUNPATH_SEARCH_PATHS = (
					"$(inherited)",
					"@executable_path/Frameworks",
				);
				PRODUCT_BUNDLE_IDENTIFIER = com.onmyway133.DemoMicro;
				PRODUCT_NAME = "$(TARGET_NAME)";
				SWIFT_VERSION = 5.0;
				TARGETED_DEVICE_FAMILY = "1,2";
			};
			name = Release;
		};
/* End XCBuildConfiguration section */

/* Begin XCConfigurationList section */
		D29CB48B23F0A54D0067685A /* Build configuration list for PBXProject "DemoMicro" */ = {
			isa = XCConfigurationList;
			buildConfigurations = (
				D29CB4A223F0A54E0067685A /* Debug */,
				D29CB4A323F0A54E0067685A /* Release */,
			);
			defaultConfigurationIsVisible = 0;
			defaultConfigurationName = Release;
		};
		D29CB4A423F0A54E0067685A /* Build configuration list for PBXNativeTarget "DemoMicro" */ = {
			isa = XCConfigurationList;
			buildConfigurations = (
				D29CB4A523F0A54E0067685A /* Debug */,
				D29CB4A623F0A54E0067685A /* Release */,
			);
			defaultConfigurationIsVisible = 0;
			defaultConfigurationName = Release;
		};
/* End XCConfigurationList section */
	};
	rootObject = D29CB48823F0A54D0067685A /* Project object */;
}
